// !$*UTF8*$!
{
	archiveVersion = 1;
	classes = {
	};
	objectVersion = 50;
	objects = {

/* Begin PBXBuildFile section */
		6BE217CEF1E8B29880B9F271 /* Pods_ARSoundPlayerTests.framework in Frameworks */ = {isa = PBXBuildFile; fileRef = 49979E048D7F0399FEECD1E7 /* Pods_ARSoundPlayerTests.framework */; };
		CF802867E169E13E589939AB /* Pods_ARSoundPlayer.framework in Frameworks */ = {isa = PBXBuildFile; fileRef = 1129078860EA4BFCC7179171 /* Pods_ARSoundPlayer.framework */; };
		E295B8F721B58F0A00AE1D32 /* ARSoundPlayer.framework in Frameworks */ = {isa = PBXBuildFile; fileRef = E295B8ED21B58F0A00AE1D32 /* ARSoundPlayer.framework */; };
		E295B8FC21B58F0A00AE1D32 /* ARSoundPlayerTests.swift in Sources */ = {isa = PBXBuildFile; fileRef = E295B8FB21B58F0A00AE1D32 /* ARSoundPlayerTests.swift */; };
		E295B8FE21B58F0A00AE1D32 /* ARSoundPlayer.h in Headers */ = {isa = PBXBuildFile; fileRef = E295B8F021B58F0A00AE1D32 /* ARSoundPlayer.h */; settings = {ATTRIBUTES = (Public, ); }; };
		E2A3FAE121B5909900EF9B91 /* Assets.xcassets in Resources */ = {isa = PBXBuildFile; fileRef = E2A3FAD321B5909800EF9B91 /* Assets.xcassets */; };
		E2A3FAE221B5909900EF9B91 /* PlayerDetailsView.xib in Resources */ = {isa = PBXBuildFile; fileRef = E2A3FAD521B5909800EF9B91 /* PlayerDetailsView.xib */; };
		E2A3FAE321B5909900EF9B91 /* PlayerDetailsView.swift in Sources */ = {isa = PBXBuildFile; fileRef = E2A3FAD621B5909800EF9B91 /* PlayerDetailsView.swift */; };
		E2A3FAE721B5909900EF9B91 /* AVKit + CMTime.swift in Sources */ = {isa = PBXBuildFile; fileRef = E2A3FADC21B5909900EF9B91 /* AVKit + CMTime.swift */; };
		E2A3FAED21B594C800EF9B91 /* LICENSE in Resources */ = {isa = PBXBuildFile; fileRef = E2A3FAEC21B594C800EF9B91 /* LICENSE */; };
		E2A3FB2B21B5ABB000EF9B91 /* Track.swift in Sources */ = {isa = PBXBuildFile; fileRef = E2A3FB2A21B5ABB000EF9B91 /* Track.swift */; };
/* End PBXBuildFile section */

/* Begin PBXContainerItemProxy section */
		E295B8F821B58F0A00AE1D32 /* PBXContainerItemProxy */ = {
			isa = PBXContainerItemProxy;
			containerPortal = E295B8E421B58F0A00AE1D32 /* Project object */;
			proxyType = 1;
			remoteGlobalIDString = E295B8EC21B58F0A00AE1D32;
			remoteInfo = ARSoundPlayer;
		};
/* End PBXContainerItemProxy section */

/* Begin PBXFileReference section */
		1129078860EA4BFCC7179171 /* Pods_ARSoundPlayer.framework */ = {isa = PBXFileReference; explicitFileType = wrapper.framework; includeInIndex = 0; path = Pods_ARSoundPlayer.framework; sourceTree = BUILT_PRODUCTS_DIR; };
		2F0EEAD0EABDFC96042B7A62 /* Pods-ARSoundPlayerTests.release.xcconfig */ = {isa = PBXFileReference; includeInIndex = 1; lastKnownFileType = text.xcconfig; name = "Pods-ARSoundPlayerTests.release.xcconfig"; path = "Pods/Target Support Files/Pods-ARSoundPlayerTests/Pods-ARSoundPlayerTests.release.xcconfig"; sourceTree = "<group>"; };
		49979E048D7F0399FEECD1E7 /* Pods_ARSoundPlayerTests.framework */ = {isa = PBXFileReference; explicitFileType = wrapper.framework; includeInIndex = 0; path = Pods_ARSoundPlayerTests.framework; sourceTree = BUILT_PRODUCTS_DIR; };
		516E30115FB1FC81B9D14492 /* Pods-ARSoundPlayerTests.debug.xcconfig */ = {isa = PBXFileReference; includeInIndex = 1; lastKnownFileType = text.xcconfig; name = "Pods-ARSoundPlayerTests.debug.xcconfig"; path = "Pods/Target Support Files/Pods-ARSoundPlayerTests/Pods-ARSoundPlayerTests.debug.xcconfig"; sourceTree = "<group>"; };
		B00E90157A97888742A6A2E5 /* Pods-ARSoundPlayer.debug.xcconfig */ = {isa = PBXFileReference; includeInIndex = 1; lastKnownFileType = text.xcconfig; name = "Pods-ARSoundPlayer.debug.xcconfig"; path = "Pods/Target Support Files/Pods-ARSoundPlayer/Pods-ARSoundPlayer.debug.xcconfig"; sourceTree = "<group>"; };
		BE70B45487E50B9C47C84D08 /* Pods-ARSoundPlayer.release.xcconfig */ = {isa = PBXFileReference; includeInIndex = 1; lastKnownFileType = text.xcconfig; name = "Pods-ARSoundPlayer.release.xcconfig"; path = "Pods/Target Support Files/Pods-ARSoundPlayer/Pods-ARSoundPlayer.release.xcconfig"; sourceTree = "<group>"; };
		E295B8ED21B58F0A00AE1D32 /* ARSoundPlayer.framework */ = {isa = PBXFileReference; explicitFileType = wrapper.framework; includeInIndex = 0; path = ARSoundPlayer.framework; sourceTree = BUILT_PRODUCTS_DIR; };
		E295B8F021B58F0A00AE1D32 /* ARSoundPlayer.h */ = {isa = PBXFileReference; lastKnownFileType = sourcecode.c.h; path = ARSoundPlayer.h; sourceTree = "<group>"; };
		E295B8F121B58F0A00AE1D32 /* Info.plist */ = {isa = PBXFileReference; lastKnownFileType = text.plist.xml; path = Info.plist; sourceTree = "<group>"; };
		E295B8F621B58F0A00AE1D32 /* ARSoundPlayerTests.xctest */ = {isa = PBXFileReference; explicitFileType = wrapper.cfbundle; includeInIndex = 0; path = ARSoundPlayerTests.xctest; sourceTree = BUILT_PRODUCTS_DIR; };
		E295B8FB21B58F0A00AE1D32 /* ARSoundPlayerTests.swift */ = {isa = PBXFileReference; lastKnownFileType = sourcecode.swift; path = ARSoundPlayerTests.swift; sourceTree = "<group>"; };
		E295B8FD21B58F0A00AE1D32 /* Info.plist */ = {isa = PBXFileReference; lastKnownFileType = text.plist.xml; path = Info.plist; sourceTree = "<group>"; };
		E2A3FAD321B5909800EF9B91 /* Assets.xcassets */ = {isa = PBXFileReference; lastKnownFileType = folder.assetcatalog; path = Assets.xcassets; sourceTree = "<group>"; };
		E2A3FAD521B5909800EF9B91 /* PlayerDetailsView.xib */ = {isa = PBXFileReference; fileEncoding = 4; lastKnownFileType = file.xib; path = PlayerDetailsView.xib; sourceTree = "<group>"; };
		E2A3FAD621B5909800EF9B91 /* PlayerDetailsView.swift */ = {isa = PBXFileReference; fileEncoding = 4; lastKnownFileType = sourcecode.swift; path = PlayerDetailsView.swift; sourceTree = "<group>"; };
		E2A3FADC21B5909900EF9B91 /* AVKit + CMTime.swift */ = {isa = PBXFileReference; fileEncoding = 4; lastKnownFileType = sourcecode.swift; path = "AVKit + CMTime.swift"; sourceTree = "<group>"; };
		E2A3FAEC21B594C800EF9B91 /* LICENSE */ = {isa = PBXFileReference; lastKnownFileType = text; path = LICENSE; sourceTree = "<group>"; };
		E2A3FB2A21B5ABB000EF9B91 /* Track.swift */ = {isa = PBXFileReference; lastKnownFileType = sourcecode.swift; path = Track.swift; sourceTree = "<group>"; };
/* End PBXFileReference section */

/* Begin PBXFrameworksBuildPhase section */
		E295B8EA21B58F0A00AE1D32 /* Frameworks */ = {
			isa = PBXFrameworksBuildPhase;
			buildActionMask = 2147483647;
			files = (
				CF802867E169E13E589939AB /* Pods_ARSoundPlayer.framework in Frameworks */,
			);
			runOnlyForDeploymentPostprocessing = 0;
		};
		E295B8F321B58F0A00AE1D32 /* Frameworks */ = {
			isa = PBXFrameworksBuildPhase;
			buildActionMask = 2147483647;
			files = (
				E295B8F721B58F0A00AE1D32 /* ARSoundPlayer.framework in Frameworks */,
				6BE217CEF1E8B29880B9F271 /* Pods_ARSoundPlayerTests.framework in Frameworks */,
			);
			runOnlyForDeploymentPostprocessing = 0;
		};
/* End PBXFrameworksBuildPhase section */

/* Begin PBXGroup section */
		4C4EC6941F7B9438BE8F7B8D /* Frameworks */ = {
			isa = PBXGroup;
			children = (
				1129078860EA4BFCC7179171 /* Pods_ARSoundPlayer.framework */,
				49979E048D7F0399FEECD1E7 /* Pods_ARSoundPlayerTests.framework */,
			);
			name = Frameworks;
			sourceTree = "<group>";
		};
		592085A2CDC46FFB7AFC927C /* Pods */ = {
			isa = PBXGroup;
			children = (
				B00E90157A97888742A6A2E5 /* Pods-ARSoundPlayer.debug.xcconfig */,
				BE70B45487E50B9C47C84D08 /* Pods-ARSoundPlayer.release.xcconfig */,
				516E30115FB1FC81B9D14492 /* Pods-ARSoundPlayerTests.debug.xcconfig */,
				2F0EEAD0EABDFC96042B7A62 /* Pods-ARSoundPlayerTests.release.xcconfig */,
			);
			name = Pods;
			sourceTree = "<group>";
		};
		E295B8E321B58F0A00AE1D32 = {
			isa = PBXGroup;
			children = (
				E2A3FAEC21B594C800EF9B91 /* LICENSE */,
				E295B8EF21B58F0A00AE1D32 /* ARSoundPlayer */,
				E295B8FA21B58F0A00AE1D32 /* ARSoundPlayerTests */,
				E295B8EE21B58F0A00AE1D32 /* Products */,
				592085A2CDC46FFB7AFC927C /* Pods */,
				4C4EC6941F7B9438BE8F7B8D /* Frameworks */,
			);
			sourceTree = "<group>";
		};
		E295B8EE21B58F0A00AE1D32 /* Products */ = {
			isa = PBXGroup;
			children = (
				E295B8ED21B58F0A00AE1D32 /* ARSoundPlayer.framework */,
				E295B8F621B58F0A00AE1D32 /* ARSoundPlayerTests.xctest */,
			);
			name = Products;
			sourceTree = "<group>";
		};
		E295B8EF21B58F0A00AE1D32 /* ARSoundPlayer */ = {
			isa = PBXGroup;
			children = (
				E2A3FAD321B5909800EF9B91 /* Assets.xcassets */,
				E2A3FADA21B5909900EF9B91 /* Extensions */,
				E2A3FAD721B5909800EF9B91 /* Models */,
				E2A3FAD421B5909800EF9B91 /* Podcast Player */,
				E295B8F021B58F0A00AE1D32 /* ARSoundPlayer.h */,
				E295B8F121B58F0A00AE1D32 /* Info.plist */,
			);
			path = ARSoundPlayer;
			sourceTree = "<group>";
		};
		E295B8FA21B58F0A00AE1D32 /* ARSoundPlayerTests */ = {
			isa = PBXGroup;
			children = (
				E295B8FB21B58F0A00AE1D32 /* ARSoundPlayerTests.swift */,
				E295B8FD21B58F0A00AE1D32 /* Info.plist */,
			);
			path = ARSoundPlayerTests;
			sourceTree = "<group>";
		};
		E2A3FAD421B5909800EF9B91 /* Podcast Player */ = {
			isa = PBXGroup;
			children = (
				E2A3FAD521B5909800EF9B91 /* PlayerDetailsView.xib */,
				E2A3FAD621B5909800EF9B91 /* PlayerDetailsView.swift */,
			);
			path = "Podcast Player";
			sourceTree = "<group>";
		};
		E2A3FAD721B5909800EF9B91 /* Models */ = {
			isa = PBXGroup;
			children = (
				E2A3FB2A21B5ABB000EF9B91 /* Track.swift */,
			);
			path = Models;
			sourceTree = "<group>";
		};
		E2A3FADA21B5909900EF9B91 /* Extensions */ = {
			isa = PBXGroup;
			children = (
				E2A3FADC21B5909900EF9B91 /* AVKit + CMTime.swift */,
			);
			path = Extensions;
			sourceTree = "<group>";
		};
/* End PBXGroup section */

/* Begin PBXHeadersBuildPhase section */
		E295B8E821B58F0A00AE1D32 /* Headers */ = {
			isa = PBXHeadersBuildPhase;
			buildActionMask = 2147483647;
			files = (
				E295B8FE21B58F0A00AE1D32 /* ARSoundPlayer.h in Headers */,
			);
			runOnlyForDeploymentPostprocessing = 0;
		};
/* End PBXHeadersBuildPhase section */

/* Begin PBXNativeTarget section */
		E295B8EC21B58F0A00AE1D32 /* ARSoundPlayer */ = {
			isa = PBXNativeTarget;
			buildConfigurationList = E295B90121B58F0A00AE1D32 /* Build configuration list for PBXNativeTarget "ARSoundPlayer" */;
			buildPhases = (
				CEC76AD6805BD9A70894776A /* [CP] Check Pods Manifest.lock */,
				E295B8E821B58F0A00AE1D32 /* Headers */,
				E295B8E921B58F0A00AE1D32 /* Sources */,
				E295B8EA21B58F0A00AE1D32 /* Frameworks */,
				E295B8EB21B58F0A00AE1D32 /* Resources */,
			);
			buildRules = (
			);
			dependencies = (
			);
			name = ARSoundPlayer;
			productName = ARSoundPlayer;
			productReference = E295B8ED21B58F0A00AE1D32 /* ARSoundPlayer.framework */;
			productType = "com.apple.product-type.framework";
		};
		E295B8F521B58F0A00AE1D32 /* ARSoundPlayerTests */ = {
			isa = PBXNativeTarget;
			buildConfigurationList = E295B90421B58F0A00AE1D32 /* Build configuration list for PBXNativeTarget "ARSoundPlayerTests" */;
			buildPhases = (
				48DE6B5E00DF5568E1D9D8AC /* [CP] Check Pods Manifest.lock */,
				E295B8F221B58F0A00AE1D32 /* Sources */,
				E295B8F321B58F0A00AE1D32 /* Frameworks */,
				E295B8F421B58F0A00AE1D32 /* Resources */,
				48E25144DD8DFC8517683BDC /* [CP] Embed Pods Frameworks */,
			);
			buildRules = (
			);
			dependencies = (
				E295B8F921B58F0A00AE1D32 /* PBXTargetDependency */,
			);
			name = ARSoundPlayerTests;
			productName = ARSoundPlayerTests;
			productReference = E295B8F621B58F0A00AE1D32 /* ARSoundPlayerTests.xctest */;
			productType = "com.apple.product-type.bundle.unit-test";
		};
/* End PBXNativeTarget section */

/* Begin PBXProject section */
		E295B8E421B58F0A00AE1D32 /* Project object */ = {
			isa = PBXProject;
			attributes = {
				LastSwiftUpdateCheck = 1010;
				LastUpgradeCheck = 1010;
				ORGANIZATIONNAME = ScaRiLiX;
				TargetAttributes = {
					E295B8EC21B58F0A00AE1D32 = {
						CreatedOnToolsVersion = 10.1;
					};
					E295B8F521B58F0A00AE1D32 = {
						CreatedOnToolsVersion = 10.1;
					};
				};
			};
			buildConfigurationList = E295B8E721B58F0A00AE1D32 /* Build configuration list for PBXProject "ARSoundPlayer" */;
			compatibilityVersion = "Xcode 9.3";
			developmentRegion = en;
			hasScannedForEncodings = 0;
			knownRegions = (
				en,
			);
			mainGroup = E295B8E321B58F0A00AE1D32;
			productRefGroup = E295B8EE21B58F0A00AE1D32 /* Products */;
			projectDirPath = "";
			projectRoot = "";
			targets = (
				E295B8EC21B58F0A00AE1D32 /* ARSoundPlayer */,
				E295B8F521B58F0A00AE1D32 /* ARSoundPlayerTests */,
			);
		};
/* End PBXProject section */

/* Begin PBXResourcesBuildPhase section */
		E295B8EB21B58F0A00AE1D32 /* Resources */ = {
			isa = PBXResourcesBuildPhase;
			buildActionMask = 2147483647;
			files = (
				E2A3FAED21B594C800EF9B91 /* LICENSE in Resources */,
				E2A3FAE221B5909900EF9B91 /* PlayerDetailsView.xib in Resources */,
				E2A3FAE121B5909900EF9B91 /* Assets.xcassets in Resources */,
			);
			runOnlyForDeploymentPostprocessing = 0;
		};
		E295B8F421B58F0A00AE1D32 /* Resources */ = {
			isa = PBXResourcesBuildPhase;
			buildActionMask = 2147483647;
			files = (
			);
			runOnlyForDeploymentPostprocessing = 0;
		};
/* End PBXResourcesBuildPhase section */

/* Begin PBXShellScriptBuildPhase section */
		48DE6B5E00DF5568E1D9D8AC /* [CP] Check Pods Manifest.lock */ = {
			isa = PBXShellScriptBuildPhase;
			buildActionMask = 2147483647;
			files = (
			);
			inputPaths = (
				"${PODS_PODFILE_DIR_PATH}/Podfile.lock",
				"${PODS_ROOT}/Manifest.lock",
			);
			name = "[CP] Check Pods Manifest.lock";
			outputPaths = (
				"$(DERIVED_FILE_DIR)/Pods-ARSoundPlayerTests-checkManifestLockResult.txt",
			);
			runOnlyForDeploymentPostprocessing = 0;
			shellPath = /bin/sh;
			shellScript = "diff \"${PODS_PODFILE_DIR_PATH}/Podfile.lock\" \"${PODS_ROOT}/Manifest.lock\" > /dev/null\nif [ $? != 0 ] ; then\n    # print error to STDERR\n    echo \"error: The sandbox is not in sync with the Podfile.lock. Run 'pod install' or update your CocoaPods installation.\" >&2\n    exit 1\nfi\n# This output is used by Xcode 'outputs' to avoid re-running this script phase.\necho \"SUCCESS\" > \"${SCRIPT_OUTPUT_FILE_0}\"\n";
			showEnvVarsInLog = 0;
		};
		48E25144DD8DFC8517683BDC /* [CP] Embed Pods Frameworks */ = {
			isa = PBXShellScriptBuildPhase;
			buildActionMask = 2147483647;
			files = (
			);
			inputPaths = (
				"${SRCROOT}/Pods/Target Support Files/Pods-ARSoundPlayerTests/Pods-ARSoundPlayerTests-frameworks.sh",
				"${BUILT_PRODUCTS_DIR}/SVProgressHUD/SVProgressHUD.framework",
				"${BUILT_PRODUCTS_DIR}/SwifterSwift/SwifterSwift.framework",
			);
			name = "[CP] Embed Pods Frameworks";
			outputPaths = (
				"${TARGET_BUILD_DIR}/${FRAMEWORKS_FOLDER_PATH}/SVProgressHUD.framework",
				"${TARGET_BUILD_DIR}/${FRAMEWORKS_FOLDER_PATH}/SwifterSwift.framework",
			);
			runOnlyForDeploymentPostprocessing = 0;
			shellPath = /bin/sh;
			shellScript = "\"${SRCROOT}/Pods/Target Support Files/Pods-ARSoundPlayerTests/Pods-ARSoundPlayerTests-frameworks.sh\"\n";
			showEnvVarsInLog = 0;
		};
		CEC76AD6805BD9A70894776A /* [CP] Check Pods Manifest.lock */ = {
			isa = PBXShellScriptBuildPhase;
			buildActionMask = 2147483647;
			files = (
			);
			inputPaths = (
				"${PODS_PODFILE_DIR_PATH}/Podfile.lock",
				"${PODS_ROOT}/Manifest.lock",
			);
			name = "[CP] Check Pods Manifest.lock";
			outputPaths = (
				"$(DERIVED_FILE_DIR)/Pods-ARSoundPlayer-checkManifestLockResult.txt",
			);
			runOnlyForDeploymentPostprocessing = 0;
			shellPath = /bin/sh;
			shellScript = "diff \"${PODS_PODFILE_DIR_PATH}/Podfile.lock\" \"${PODS_ROOT}/Manifest.lock\" > /dev/null\nif [ $? != 0 ] ; then\n    # print error to STDERR\n    echo \"error: The sandbox is not in sync with the Podfile.lock. Run 'pod install' or update your CocoaPods installation.\" >&2\n    exit 1\nfi\n# This output is used by Xcode 'outputs' to avoid re-running this script phase.\necho \"SUCCESS\" > \"${SCRIPT_OUTPUT_FILE_0}\"\n";
			showEnvVarsInLog = 0;
		};
/* End PBXShellScriptBuildPhase section */

/* Begin PBXSourcesBuildPhase section */
		E295B8E921B58F0A00AE1D32 /* Sources */ = {
			isa = PBXSourcesBuildPhase;
			buildActionMask = 2147483647;
			files = (
				E2A3FB2B21B5ABB000EF9B91 /* Track.swift in Sources */,
				E2A3FAE721B5909900EF9B91 /* AVKit + CMTime.swift in Sources */,
				E2A3FAE321B5909900EF9B91 /* PlayerDetailsView.swift in Sources */,
			);
			runOnlyForDeploymentPostprocessing = 0;
		};
		E295B8F221B58F0A00AE1D32 /* Sources */ = {
			isa = PBXSourcesBuildPhase;
			buildActionMask = 2147483647;
			files = (
				E295B8FC21B58F0A00AE1D32 /* ARSoundPlayerTests.swift in Sources */,
			);
			runOnlyForDeploymentPostprocessing = 0;
		};
/* End PBXSourcesBuildPhase section */

/* Begin PBXTargetDependency section */
		E295B8F921B58F0A00AE1D32 /* PBXTargetDependency */ = {
			isa = PBXTargetDependency;
			target = E295B8EC21B58F0A00AE1D32 /* ARSoundPlayer */;
			targetProxy = E295B8F821B58F0A00AE1D32 /* PBXContainerItemProxy */;
		};
/* End PBXTargetDependency section */

/* Begin XCBuildConfiguration section */
		E295B8FF21B58F0A00AE1D32 /* Debug */ = {
			isa = XCBuildConfiguration;
			buildSettings = {
				ALWAYS_SEARCH_USER_PATHS = NO;
				CLANG_ANALYZER_NONNULL = YES;
				CLANG_ANALYZER_NUMBER_OBJECT_CONVERSION = YES_AGGRESSIVE;
				CLANG_CXX_LANGUAGE_STANDARD = "gnu++14";
				CLANG_CXX_LIBRARY = "libc++";
				CLANG_ENABLE_MODULES = YES;
				CLANG_ENABLE_OBJC_ARC = YES;
				CLANG_ENABLE_OBJC_WEAK = YES;
				CLANG_WARN_BLOCK_CAPTURE_AUTORELEASING = YES;
				CLANG_WARN_BOOL_CONVERSION = YES;
				CLANG_WARN_COMMA = YES;
				CLANG_WARN_CONSTANT_CONVERSION = YES;
				CLANG_WARN_DEPRECATED_OBJC_IMPLEMENTATIONS = YES;
				CLANG_WARN_DIRECT_OBJC_ISA_USAGE = YES_ERROR;
				CLANG_WARN_DOCUMENTATION_COMMENTS = YES;
				CLANG_WARN_EMPTY_BODY = YES;
				CLANG_WARN_ENUM_CONVERSION = YES;
				CLANG_WARN_INFINITE_RECURSION = YES;
				CLANG_WARN_INT_CONVERSION = YES;
				CLANG_WARN_NON_LITERAL_NULL_CONVERSION = YES;
				CLANG_WARN_OBJC_IMPLICIT_RETAIN_SELF = YES;
				CLANG_WARN_OBJC_LITERAL_CONVERSION = YES;
				CLANG_WARN_OBJC_ROOT_CLASS = YES_ERROR;
				CLANG_WARN_RANGE_LOOP_ANALYSIS = YES;
				CLANG_WARN_STRICT_PROTOTYPES = YES;
				CLANG_WARN_SUSPICIOUS_MOVE = YES;
				CLANG_WARN_UNGUARDED_AVAILABILITY = YES_AGGRESSIVE;
				CLANG_WARN_UNREACHABLE_CODE = YES;
				CLANG_WARN__DUPLICATE_METHOD_MATCH = YES;
				CODE_SIGN_IDENTITY = "iPhone Developer";
				COPY_PHASE_STRIP = NO;
				CURRENT_PROJECT_VERSION = 1;
				DEBUG_INFORMATION_FORMAT = dwarf;
				ENABLE_STRICT_OBJC_MSGSEND = YES;
				ENABLE_TESTABILITY = YES;
				GCC_C_LANGUAGE_STANDARD = gnu11;
				GCC_DYNAMIC_NO_PIC = NO;
				GCC_NO_COMMON_BLOCKS = YES;
				GCC_OPTIMIZATION_LEVEL = 0;
				GCC_PREPROCESSOR_DEFINITIONS = (
					"DEBUG=1",
					"$(inherited)",
				);
				GCC_WARN_64_TO_32_BIT_CONVERSION = YES;
				GCC_WARN_ABOUT_RETURN_TYPE = YES_ERROR;
				GCC_WARN_UNDECLARED_SELECTOR = YES;
				GCC_WARN_UNINITIALIZED_AUTOS = YES_AGGRESSIVE;
				GCC_WARN_UNUSED_FUNCTION = YES;
				GCC_WARN_UNUSED_VARIABLE = YES;
				IPHONEOS_DEPLOYMENT_TARGET = 12.1;
				MTL_ENABLE_DEBUG_INFO = INCLUDE_SOURCE;
				MTL_FAST_MATH = YES;
				ONLY_ACTIVE_ARCH = YES;
				SDKROOT = iphoneos;
				SWIFT_ACTIVE_COMPILATION_CONDITIONS = DEBUG;
				SWIFT_OPTIMIZATION_LEVEL = "-Onone";
				VERSIONING_SYSTEM = "apple-generic";
				VERSION_INFO_PREFIX = "";
			};
			name = Debug;
		};
		E295B90021B58F0A00AE1D32 /* Release */ = {
			isa = XCBuildConfiguration;
			buildSettings = {
				ALWAYS_SEARCH_USER_PATHS = NO;
				CLANG_ANALYZER_NONNULL = YES;
				CLANG_ANALYZER_NUMBER_OBJECT_CONVERSION = YES_AGGRESSIVE;
				CLANG_CXX_LANGUAGE_STANDARD = "gnu++14";
				CLANG_CXX_LIBRARY = "libc++";
				CLANG_ENABLE_MODULES = YES;
				CLANG_ENABLE_OBJC_ARC = YES;
				CLANG_ENABLE_OBJC_WEAK = YES;
				CLANG_WARN_BLOCK_CAPTURE_AUTORELEASING = YES;
				CLANG_WARN_BOOL_CONVERSION = YES;
				CLANG_WARN_COMMA = YES;
				CLANG_WARN_CONSTANT_CONVERSION = YES;
				CLANG_WARN_DEPRECATED_OBJC_IMPLEMENTATIONS = YES;
				CLANG_WARN_DIRECT_OBJC_ISA_USAGE = YES_ERROR;
				CLANG_WARN_DOCUMENTATION_COMMENTS = YES;
				CLANG_WARN_EMPTY_BODY = YES;
				CLANG_WARN_ENUM_CONVERSION = YES;
				CLANG_WARN_INFINITE_RECURSION = YES;
				CLANG_WARN_INT_CONVERSION = YES;
				CLANG_WARN_NON_LITERAL_NULL_CONVERSION = YES;
				CLANG_WARN_OBJC_IMPLICIT_RETAIN_SELF = YES;
				CLANG_WARN_OBJC_LITERAL_CONVERSION = YES;
				CLANG_WARN_OBJC_ROOT_CLASS = YES_ERROR;
				CLANG_WARN_RANGE_LOOP_ANALYSIS = YES;
				CLANG_WARN_STRICT_PROTOTYPES = YES;
				CLANG_WARN_SUSPICIOUS_MOVE = YES;
				CLANG_WARN_UNGUARDED_AVAILABILITY = YES_AGGRESSIVE;
				CLANG_WARN_UNREACHABLE_CODE = YES;
				CLANG_WARN__DUPLICATE_METHOD_MATCH = YES;
				CODE_SIGN_IDENTITY = "iPhone Developer";
				COPY_PHASE_STRIP = NO;
				CURRENT_PROJECT_VERSION = 1;
				DEBUG_INFORMATION_FORMAT = "dwarf-with-dsym";
				ENABLE_NS_ASSERTIONS = NO;
				ENABLE_STRICT_OBJC_MSGSEND = YES;
				GCC_C_LANGUAGE_STANDARD = gnu11;
				GCC_NO_COMMON_BLOCKS = YES;
				GCC_WARN_64_TO_32_BIT_CONVERSION = YES;
				GCC_WARN_ABOUT_RETURN_TYPE = YES_ERROR;
				GCC_WARN_UNDECLARED_SELECTOR = YES;
				GCC_WARN_UNINITIALIZED_AUTOS = YES_AGGRESSIVE;
				GCC_WARN_UNUSED_FUNCTION = YES;
				GCC_WARN_UNUSED_VARIABLE = YES;
				IPHONEOS_DEPLOYMENT_TARGET = 12.1;
				MTL_ENABLE_DEBUG_INFO = NO;
				MTL_FAST_MATH = YES;
				SDKROOT = iphoneos;
				SWIFT_COMPILATION_MODE = wholemodule;
				SWIFT_OPTIMIZATION_LEVEL = "-O";
				VALIDATE_PRODUCT = YES;
				VERSIONING_SYSTEM = "apple-generic";
				VERSION_INFO_PREFIX = "";
			};
			name = Release;
		};
		E295B90221B58F0A00AE1D32 /* Debug */ = {
			isa = XCBuildConfiguration;
			baseConfigurationReference = B00E90157A97888742A6A2E5 /* Pods-ARSoundPlayer.debug.xcconfig */;
			buildSettings = {
				CODE_SIGN_IDENTITY = "";
				CODE_SIGN_STYLE = Automatic;
				DEFINES_MODULE = YES;
				DEVELOPMENT_TEAM = 969Y6REAB6;
				DYLIB_COMPATIBILITY_VERSION = 1;
				DYLIB_CURRENT_VERSION = 1;
				DYLIB_INSTALL_NAME_BASE = "@rpath";
				INFOPLIST_FILE = ARSoundPlayer/Info.plist;
				INSTALL_PATH = "$(LOCAL_LIBRARY_DIR)/Frameworks";
				LD_RUNPATH_SEARCH_PATHS = (
					"$(inherited)",
					"@executable_path/Frameworks",
					"@loader_path/Frameworks",
				);
				PRODUCT_BUNDLE_IDENTIFIER = com.ScaRiLiX.ARSoundPlayer;
				PRODUCT_NAME = "$(TARGET_NAME:c99extidentifier)";
				SKIP_INSTALL = YES;
				SWIFT_VERSION = 4.2;
				TARGETED_DEVICE_FAMILY = "1,2";
			};
			name = Debug;
		};
		E295B90321B58F0A00AE1D32 /* Release */ = {
			isa = XCBuildConfiguration;
			baseConfigurationReference = BE70B45487E50B9C47C84D08 /* Pods-ARSoundPlayer.release.xcconfig */;
			buildSettings = {
				CODE_SIGN_IDENTITY = "";
				CODE_SIGN_STYLE = Automatic;
				DEFINES_MODULE = YES;
				DEVELOPMENT_TEAM = 969Y6REAB6;
				DYLIB_COMPATIBILITY_VERSION = 1;
				DYLIB_CURRENT_VERSION = 1;
				DYLIB_INSTALL_NAME_BASE = "@rpath";
				INFOPLIST_FILE = ARSoundPlayer/Info.plist;
				INSTALL_PATH = "$(LOCAL_LIBRARY_DIR)/Frameworks";
				LD_RUNPATH_SEARCH_PATHS = (
					"$(inherited)",
					"@executable_path/Frameworks",
					"@loader_path/Frameworks",
				);
				PRODUCT_BUNDLE_IDENTIFIER = com.ScaRiLiX.ARSoundPlayer;
				PRODUCT_NAME = "$(TARGET_NAME:c99extidentifier)";
				SKIP_INSTALL = YES;
				SWIFT_VERSION = 4.2;
				TARGETED_DEVICE_FAMILY = "1,2";
			};
			name = Release;
		};
		E295B90521B58F0A00AE1D32 /* Debug */ = {
			isa = XCBuildConfiguration;
			baseConfigurationReference = 516E30115FB1FC81B9D14492 /* Pods-ARSoundPlayerTests.debug.xcconfig */;
			buildSettings = {
				ALWAYS_EMBED_SWIFT_STANDARD_LIBRARIES = YES;
				CODE_SIGN_STYLE = Automatic;
				DEVELOPMENT_TEAM = 969Y6REAB6;
				INFOPLIST_FILE = ARSoundPlayerTests/Info.plist;
				LD_RUNPATH_SEARCH_PATHS = (
					"$(inherited)",
					"@executable_path/Frameworks",
					"@loader_path/Frameworks",
				);
				PRODUCT_BUNDLE_IDENTIFIER = com.ScaRiLiX.ARSoundPlayerTests;
				PRODUCT_NAME = "$(TARGET_NAME)";
				SWIFT_VERSION = 4.2;
				TARGETED_DEVICE_FAMILY = "1,2";
			};
			name = Debug;
		};
		E295B90621B58F0A00AE1D32 /* Release */ = {
			isa = XCBuildConfiguration;
			baseConfigurationReference = 2F0EEAD0EABDFC96042B7A62 /* Pods-ARSoundPlayerTests.release.xcconfig */;
			buildSettings = {
				ALWAYS_EMBED_SWIFT_STANDARD_LIBRARIES = YES;
				CODE_SIGN_STYLE = Automatic;
				DEVELOPMENT_TEAM = 969Y6REAB6;
				INFOPLIST_FILE = ARSoundPlayerTests/Info.plist;
				LD_RUNPATH_SEARCH_PATHS = (
					"$(inherited)",
					"@executable_path/Frameworks",
					"@loader_path/Frameworks",
				);
				PRODUCT_BUNDLE_IDENTIFIER = com.ScaRiLiX.ARSoundPlayerTests;
				PRODUCT_NAME = "$(TARGET_NAME)";
				SWIFT_VERSION = 4.2;
				TARGETED_DEVICE_FAMILY = "1,2";
			};
			name = Release;
		};
/* End XCBuildConfiguration section */

/* Begin XCConfigurationList section */
		E295B8E721B58F0A00AE1D32 /* Build configuration list for PBXProject "ARSoundPlayer" */ = {
			isa = XCConfigurationList;
			buildConfigurations = (
				E295B8FF21B58F0A00AE1D32 /* Debug */,
				E295B90021B58F0A00AE1D32 /* Release */,
			);
			defaultConfigurationIsVisible = 0;
			defaultConfigurationName = Release;
		};
		E295B90121B58F0A00AE1D32 /* Build configuration list for PBXNativeTarget "ARSoundPlayer" */ = {
			isa = XCConfigurationList;
			buildConfigurations = (
				E295B90221B58F0A00AE1D32 /* Debug */,
				E295B90321B58F0A00AE1D32 /* Release */,
			);
			defaultConfigurationIsVisible = 0;
			defaultConfigurationName = Release;
		};
		E295B90421B58F0A00AE1D32 /* Build configuration list for PBXNativeTarget "ARSoundPlayerTests" */ = {
			isa = XCConfigurationList;
			buildConfigurations = (
				E295B90521B58F0A00AE1D32 /* Debug */,
				E295B90621B58F0A00AE1D32 /* Release */,
			);
			defaultConfigurationIsVisible = 0;
			defaultConfigurationName = Release;
		};
/* End XCConfigurationList section */
	};
	rootObject = E295B8E421B58F0A00AE1D32 /* Project object */;
}
